<?xml version="1.0" encoding="utf-8"?>
<Project ToolsVersion="4.0" xmlns="http://schemas.microsoft.com/developer/msbuild/2003">
  <ItemGroup>
    <Filter Include="Static library">
      <UniqueIdentifier>{4c2bef00-2fd6-47cd-a506-3d4df0600940}</UniqueIdentifier>
    </Filter>
  </ItemGroup>
  <ItemGroup>
    <ClCompile Include="..\..\third_party\googletest\src\gtest-all.cc">
      <Filter>Static library</Filter>
    </ClCompile>
    <ClCompile Include="..\..\third_party\googlemock\src\gmock-all.cc">
      <Filter>Static library</Filter>
    </ClCompile>
  </ItemGroup>
</Project>